// !$*UTF8*$!
{
	archiveVersion = 1;
	classes = {
	};
	objectVersion = 50;
	objects = {

/* Begin PBXBuildFile section */
		45952322215CE38600DD13D7 /* AppDelegate.swift in Sources */ = {isa = PBXBuildFile; fileRef = 45952321215CE38600DD13D7 /* AppDelegate.swift */; };
		45952324215CE38600DD13D7 /* PlacesViewController.swift in Sources */ = {isa = PBXBuildFile; fileRef = 45952323215CE38600DD13D7 /* PlacesViewController.swift */; };
		45952327215CE38600DD13D7 /* Main.storyboard in Resources */ = {isa = PBXBuildFile; fileRef = 45952325215CE38600DD13D7 /* Main.storyboard */; };
		4595232C215CE38700DD13D7 /* LaunchScreen.storyboard in Resources */ = {isa = PBXBuildFile; fileRef = 4595232A215CE38700DD13D7 /* LaunchScreen.storyboard */; };
		45952334215CE47A00DD13D7 /* Places.swift in Sources */ = {isa = PBXBuildFile; fileRef = 45952333215CE47A00DD13D7 /* Places.swift */; };
		4595233A215CF19500DD13D7 /* PlacesViewModel.swift in Sources */ = {isa = PBXBuildFile; fileRef = 45952339215CF19500DD13D7 /* PlacesViewModel.swift */; };
		4595233C215CF9AD00DD13D7 /* PlaceCell.swift in Sources */ = {isa = PBXBuildFile; fileRef = 4595233B215CF9AD00DD13D7 /* PlaceCell.swift */; };
		4595233E215D0AAB00DD13D7 /* PilgrimagePlaceCell.swift in Sources */ = {isa = PBXBuildFile; fileRef = 4595233D215D0AAB00DD13D7 /* PilgrimagePlaceCell.swift */; };
		45952340215D18B000DD13D7 /* FeaturedPlacesController.swift in Sources */ = {isa = PBXBuildFile; fileRef = 4595233F215D18B000DD13D7 /* FeaturedPlacesController.swift */; };
		45952342215D1B7000DD13D7 /* FeaturedPlaceCell.swift in Sources */ = {isa = PBXBuildFile; fileRef = 45952341215D1B7000DD13D7 /* FeaturedPlaceCell.swift */; };
		45952345215D1F4500DD13D7 /* UIStoryboardHelper.swift in Sources */ = {isa = PBXBuildFile; fileRef = 45952344215D1F4500DD13D7 /* UIStoryboardHelper.swift */; };
		45952347215D210400DD13D7 /* FeaturedPlaceHolderCell.swift in Sources */ = {isa = PBXBuildFile; fileRef = 45952346215D210400DD13D7 /* FeaturedPlaceHolderCell.swift */; };
		4595234A215D44C300DD13D7 /* Assets.xcassets in Resources */ = {isa = PBXBuildFile; fileRef = 45952349215D44C300DD13D7 /* Assets.xcassets */; };
/* End PBXBuildFile section */

/* Begin PBXFileReference section */
		4595231E215CE38600DD13D7 /* Places.app */ = {isa = PBXFileReference; explicitFileType = wrapper.application; includeInIndex = 0; path = Places.app; sourceTree = BUILT_PRODUCTS_DIR; };
		45952321215CE38600DD13D7 /* AppDelegate.swift */ = {isa = PBXFileReference; lastKnownFileType = sourcecode.swift; path = AppDelegate.swift; sourceTree = "<group>"; };
		45952323215CE38600DD13D7 /* PlacesViewController.swift */ = {isa = PBXFileReference; lastKnownFileType = sourcecode.swift; path = PlacesViewController.swift; sourceTree = "<group>"; };
		45952326215CE38600DD13D7 /* Base */ = {isa = PBXFileReference; lastKnownFileType = file.storyboard; name = Base; path = Base.lproj/Main.storyboard; sourceTree = "<group>"; };
		4595232B215CE38700DD13D7 /* Base */ = {isa = PBXFileReference; lastKnownFileType = file.storyboard; name = Base; path = Base.lproj/LaunchScreen.storyboard; sourceTree = "<group>"; };
		4595232D215CE38700DD13D7 /* Info.plist */ = {isa = PBXFileReference; lastKnownFileType = text.plist.xml; path = Info.plist; sourceTree = "<group>"; };
		45952333215CE47A00DD13D7 /* Places.swift */ = {isa = PBXFileReference; lastKnownFileType = sourcecode.swift; path = Places.swift; sourceTree = "<group>"; };
		45952339215CF19500DD13D7 /* PlacesViewModel.swift */ = {isa = PBXFileReference; lastKnownFileType = sourcecode.swift; path = PlacesViewModel.swift; sourceTree = "<group>"; };
		4595233B215CF9AD00DD13D7 /* PlaceCell.swift */ = {isa = PBXFileReference; lastKnownFileType = sourcecode.swift; path = PlaceCell.swift; sourceTree = "<group>"; };
		4595233D215D0AAB00DD13D7 /* PilgrimagePlaceCell.swift */ = {isa = PBXFileReference; lastKnownFileType = sourcecode.swift; path = PilgrimagePlaceCell.swift; sourceTree = "<group>"; };
		4595233F215D18B000DD13D7 /* FeaturedPlacesController.swift */ = {isa = PBXFileReference; lastKnownFileType = sourcecode.swift; path = FeaturedPlacesController.swift; sourceTree = "<group>"; };
		45952341215D1B7000DD13D7 /* FeaturedPlaceCell.swift */ = {isa = PBXFileReference; lastKnownFileType = sourcecode.swift; path = FeaturedPlaceCell.swift; sourceTree = "<group>"; };
		45952344215D1F4500DD13D7 /* UIStoryboardHelper.swift */ = {isa = PBXFileReference; fileEncoding = 4; lastKnownFileType = sourcecode.swift; path = UIStoryboardHelper.swift; sourceTree = "<group>"; };
		45952346215D210400DD13D7 /* FeaturedPlaceHolderCell.swift */ = {isa = PBXFileReference; lastKnownFileType = sourcecode.swift; path = FeaturedPlaceHolderCell.swift; sourceTree = "<group>"; };
		45952349215D44C300DD13D7 /* Assets.xcassets */ = {isa = PBXFileReference; lastKnownFileType = folder.assetcatalog; path = Assets.xcassets; sourceTree = "<group>"; };
/* End PBXFileReference section */

/* Begin PBXFrameworksBuildPhase section */
		4595231B215CE38600DD13D7 /* Frameworks */ = {
			isa = PBXFrameworksBuildPhase;
			buildActionMask = 2147483647;
			files = (
			);
			runOnlyForDeploymentPostprocessing = 0;
		};
/* End PBXFrameworksBuildPhase section */

/* Begin PBXGroup section */
		45952315215CE38600DD13D7 = {
			isa = PBXGroup;
			children = (
				45952320215CE38600DD13D7 /* Places */,
				4595231F215CE38600DD13D7 /* Products */,
			);
			sourceTree = "<group>";
		};
		4595231F215CE38600DD13D7 /* Products */ = {
			isa = PBXGroup;
			children = (
				4595231E215CE38600DD13D7 /* Places.app */,
			);
			name = Products;
			sourceTree = "<group>";
		};
		45952320215CE38600DD13D7 /* Places */ = {
			isa = PBXGroup;
			children = (
				45952348215D2ACD00DD13D7 /* Featued */,
				4595234C215D4D0500DD13D7 /* Places */,
				45952343215D1F4500DD13D7 /* Helpers */,
				4595234D215D4D5200DD13D7 /* Storyboard */,
				45952349215D44C300DD13D7 /* Assets.xcassets */,
				4595232D215CE38700DD13D7 /* Info.plist */,
				4595234B215D4CDE00DD13D7 /* Data */,
				45952321215CE38600DD13D7 /* AppDelegate.swift */,
			);
			path = Places;
			sourceTree = "<group>";
		};
		45952343215D1F4500DD13D7 /* Helpers */ = {
			isa = PBXGroup;
			children = (
				45952344215D1F4500DD13D7 /* UIStoryboardHelper.swift */,
			);
			path = Helpers;
			sourceTree = "<group>";
		};
		45952348215D2ACD00DD13D7 /* Featued */ = {
			isa = PBXGroup;
			children = (
				4595233F215D18B000DD13D7 /* FeaturedPlacesController.swift */,
				45952341215D1B7000DD13D7 /* FeaturedPlaceCell.swift */,
			);
			path = Featued;
			sourceTree = "<group>";
		};
		4595234B215D4CDE00DD13D7 /* Data */ = {
			isa = PBXGroup;
			children = (
				45952333215CE47A00DD13D7 /* Places.swift */,
			);
			path = Data;
			sourceTree = "<group>";
		};
		4595234C215D4D0500DD13D7 /* Places */ = {
			isa = PBXGroup;
			children = (
				45952323215CE38600DD13D7 /* PlacesViewController.swift */,
				45952339215CF19500DD13D7 /* PlacesViewModel.swift */,
				4595233D215D0AAB00DD13D7 /* PilgrimagePlaceCell.swift */,
				4595233B215CF9AD00DD13D7 /* PlaceCell.swift */,
				45952346215D210400DD13D7 /* FeaturedPlaceHolderCell.swift */,
			);
			path = Places;
			sourceTree = "<group>";
		};
		4595234D215D4D5200DD13D7 /* Storyboard */ = {
			isa = PBXGroup;
			children = (
				45952325215CE38600DD13D7 /* Main.storyboard */,
				4595232A215CE38700DD13D7 /* LaunchScreen.storyboard */,
			);
			path = Storyboard;
			sourceTree = "<group>";
		};
/* End PBXGroup section */

/* Begin PBXNativeTarget section */
		4595231D215CE38600DD13D7 /* Places */ = {
			isa = PBXNativeTarget;
			buildConfigurationList = 45952330215CE38700DD13D7 /* Build configuration list for PBXNativeTarget "Places" */;
			buildPhases = (
				4595231A215CE38600DD13D7 /* Sources */,
				4595231B215CE38600DD13D7 /* Frameworks */,
				4595231C215CE38600DD13D7 /* Resources */,
			);
			buildRules = (
			);
			dependencies = (
			);
			name = Places;
			productName = Places;
			productReference = 4595231E215CE38600DD13D7 /* Places.app */;
			productType = "com.apple.product-type.application";
		};
/* End PBXNativeTarget section */

/* Begin PBXProject section */
		45952316215CE38600DD13D7 /* Project object */ = {
			isa = PBXProject;
			attributes = {
				LastSwiftUpdateCheck = 1000;
				LastUpgradeCheck = 1000;
				ORGANIZATIONNAME = "Deekshith Bellare";
				TargetAttributes = {
					4595231D215CE38600DD13D7 = {
						CreatedOnToolsVersion = 10.0;
					};
				};
			};
			buildConfigurationList = 45952319215CE38600DD13D7 /* Build configuration list for PBXProject "Places" */;
			compatibilityVersion = "Xcode 9.3";
			developmentRegion = en;
			hasScannedForEncodings = 0;
			knownRegions = (
				en,
				Base,
			);
			mainGroup = 45952315215CE38600DD13D7;
			productRefGroup = 4595231F215CE38600DD13D7 /* Products */;
			projectDirPath = "";
			projectRoot = "";
			targets = (
				4595231D215CE38600DD13D7 /* Places */,
			);
		};
/* End PBXProject section */

/* Begin PBXResourcesBuildPhase section */
		4595231C215CE38600DD13D7 /* Resources */ = {
			isa = PBXResourcesBuildPhase;
			buildActionMask = 2147483647;
			files = (
				4595232C215CE38700DD13D7 /* LaunchScreen.storyboard in Resources */,
				4595234A215D44C300DD13D7 /* Assets.xcassets in Resources */,
				45952327215CE38600DD13D7 /* Main.storyboard in Resources */,
			);
			runOnlyForDeploymentPostprocessing = 0;
		};
/* End PBXResourcesBuildPhase section */

/* Begin PBXSourcesBuildPhase section */
		4595231A215CE38600DD13D7 /* Sources */ = {
			isa = PBXSourcesBuildPhase;
			buildActionMask = 2147483647;
			files = (
				4595233A215CF19500DD13D7 /* PlacesViewModel.swift in Sources */,
				45952340215D18B000DD13D7 /* FeaturedPlacesController.swift in Sources */,
				4595233E215D0AAB00DD13D7 /* PilgrimagePlaceCell.swift in Sources */,
				4595233C215CF9AD00DD13D7 /* PlaceCell.swift in Sources */,
				45952345215D1F4500DD13D7 /* UIStoryboardHelper.swift in Sources */,
				45952324215CE38600DD13D7 /* PlacesViewController.swift in Sources */,
				45952322215CE38600DD13D7 /* AppDelegate.swift in Sources */,
				45952334215CE47A00DD13D7 /* Places.swift in Sources */,
				45952342215D1B7000DD13D7 /* FeaturedPlaceCell.swift in Sources */,
				45952347215D210400DD13D7 /* FeaturedPlaceHolderCell.swift in Sources */,
			);
			runOnlyForDeploymentPostprocessing = 0;
		};
/* End PBXSourcesBuildPhase section */

/* Begin PBXVariantGroup section */
		45952325215CE38600DD13D7 /* Main.storyboard */ = {
			isa = PBXVariantGroup;
			children = (
				45952326215CE38600DD13D7 /* Base */,
			);
			name = Main.storyboard;
			sourceTree = "<group>";
		};
		4595232A215CE38700DD13D7 /* LaunchScreen.storyboard */ = {
			isa = PBXVariantGroup;
			children = (
				4595232B215CE38700DD13D7 /* Base */,
			);
			name = LaunchScreen.storyboard;
			sourceTree = "<group>";
		};
/* End PBXVariantGroup section */

/* Begin XCBuildConfiguration section */
		4595232E215CE38700DD13D7 /* Debug */ = {
			isa = XCBuildConfiguration;
			buildSettings = {
				ALWAYS_SEARCH_USER_PATHS = NO;
				CLANG_ANALYZER_NONNULL = YES;
				CLANG_ANALYZER_NUMBER_OBJECT_CONVERSION = YES_AGGRESSIVE;
				CLANG_CXX_LANGUAGE_STANDARD = "gnu++14";
				CLANG_CXX_LIBRARY = "libc++";
				CLANG_ENABLE_MODULES = YES;
				CLANG_ENABLE_OBJC_ARC = YES;
				CLANG_ENABLE_OBJC_WEAK = YES;
				CLANG_WARN_BLOCK_CAPTURE_AUTORELEASING = YES;
				CLANG_WARN_BOOL_CONVERSION = YES;
				CLANG_WARN_COMMA = YES;
				CLANG_WARN_CONSTANT_CONVERSION = YES;
				CLANG_WARN_DEPRECATED_OBJC_IMPLEMENTATIONS = YES;
				CLANG_WARN_DIRECT_OBJC_ISA_USAGE = YES_ERROR;
				CLANG_WARN_DOCUMENTATION_COMMENTS = YES;
				CLANG_WARN_EMPTY_BODY = YES;
				CLANG_WARN_ENUM_CONVERSION = YES;
				CLANG_WARN_INFINITE_RECURSION = YES;
				CLANG_WARN_INT_CONVERSION = YES;
				CLANG_WARN_NON_LITERAL_NULL_CONVERSION = YES;
				CLANG_WARN_OBJC_IMPLICIT_RETAIN_SELF = YES;
				CLANG_WARN_OBJC_LITERAL_CONVERSION = YES;
				CLANG_WARN_OBJC_ROOT_CLASS = YES_ERROR;
				CLANG_WARN_RANGE_LOOP_ANALYSIS = YES;
				CLANG_WARN_STRICT_PROTOTYPES = YES;
				CLANG_WARN_SUSPICIOUS_MOVE = YES;
				CLANG_WARN_UNGUARDED_AVAILABILITY = YES_AGGRESSIVE;
				CLANG_WARN_UNREACHABLE_CODE = YES;
				CLANG_WARN__DUPLICATE_METHOD_MATCH = YES;
				CODE_SIGN_IDENTITY = "iPhone Developer";
				COPY_PHASE_STRIP = NO;
				DEBUG_INFORMATION_FORMAT = dwarf;
				ENABLE_STRICT_OBJC_MSGSEND = YES;
				ENABLE_TESTABILITY = YES;
				GCC_C_LANGUAGE_STANDARD = gnu11;
				GCC_DYNAMIC_NO_PIC = NO;
				GCC_NO_COMMON_BLOCKS = YES;
				GCC_OPTIMIZATION_LEVEL = 0;
				GCC_PREPROCESSOR_DEFINITIONS = (
					"DEBUG=1",
					"$(inherited)",
				);
				GCC_WARN_64_TO_32_BIT_CONVERSION = YES;
				GCC_WARN_ABOUT_RETURN_TYPE = YES_ERROR;
				GCC_WARN_UNDECLARED_SELECTOR = YES;
				GCC_WARN_UNINITIALIZED_AUTOS = YES_AGGRESSIVE;
				GCC_WARN_UNUSED_FUNCTION = YES;
				GCC_WARN_UNUSED_VARIABLE = YES;
				IPHONEOS_DEPLOYMENT_TARGET = 12.0;
				MTL_ENABLE_DEBUG_INFO = INCLUDE_SOURCE;
				MTL_FAST_MATH = YES;
				ONLY_ACTIVE_ARCH = YES;
				SDKROOT = iphoneos;
				SWIFT_ACTIVE_COMPILATION_CONDITIONS = DEBUG;
				SWIFT_OPTIMIZATION_LEVEL = "-Onone";
			};
			name = Debug;
		};
		4595232F215CE38700DD13D7 /* Release */ = {
			isa = XCBuildConfiguration;
			buildSettings = {
				ALWAYS_SEARCH_USER_PATHS = NO;
				CLANG_ANALYZER_NONNULL = YES;
				CLANG_ANALYZER_NUMBER_OBJECT_CONVERSION = YES_AGGRESSIVE;
				CLANG_CXX_LANGUAGE_STANDARD = "gnu++14";
				CLANG_CXX_LIBRARY = "libc++";
				CLANG_ENABLE_MODULES = YES;
				CLANG_ENABLE_OBJC_ARC = YES;
				CLANG_ENABLE_OBJC_WEAK = YES;
				CLANG_WARN_BLOCK_CAPTURE_AUTORELEASING = YES;
				CLANG_WARN_BOOL_CONVERSION = YES;
				CLANG_WARN_COMMA = YES;
				CLANG_WARN_CONSTANT_CONVERSION = YES;
				CLANG_WARN_DEPRECATED_OBJC_IMPLEMENTATIONS = YES;
				CLANG_WARN_DIRECT_OBJC_ISA_USAGE = YES_ERROR;
				CLANG_WARN_DOCUMENTATION_COMMENTS = YES;
				CLANG_WARN_EMPTY_BODY = YES;
				CLANG_WARN_ENUM_CONVERSION = YES;
				CLANG_WARN_INFINITE_RECURSION = YES;
				CLANG_WARN_INT_CONVERSION = YES;
				CLANG_WARN_NON_LITERAL_NULL_CONVERSION = YES;
				CLANG_WARN_OBJC_IMPLICIT_RETAIN_SELF = YES;
				CLANG_WARN_OBJC_LITERAL_CONVERSION = YES;
				CLANG_WARN_OBJC_ROOT_CLASS = YES_ERROR;
				CLANG_WARN_RANGE_LOOP_ANALYSIS = YES;
				CLANG_WARN_STRICT_PROTOTYPES = YES;
				CLANG_WARN_SUSPICIOUS_MOVE = YES;
				CLANG_WARN_UNGUARDED_AVAILABILITY = YES_AGGRESSIVE;
				CLANG_WARN_UNREACHABLE_CODE = YES;
				CLANG_WARN__DUPLICATE_METHOD_MATCH = YES;
				CODE_SIGN_IDENTITY = "iPhone Developer";
				COPY_PHASE_STRIP = NO;
				DEBUG_INFORMATION_FORMAT = "dwarf-with-dsym";
				ENABLE_NS_ASSERTIONS = NO;
				ENABLE_STRICT_OBJC_MSGSEND = YES;
				GCC_C_LANGUAGE_STANDARD = gnu11;
				GCC_NO_COMMON_BLOCKS = YES;
				GCC_WARN_64_TO_32_BIT_CONVERSION = YES;
				GCC_WARN_ABOUT_RETURN_TYPE = YES_ERROR;
				GCC_WARN_UNDECLARED_SELECTOR = YES;
				GCC_WARN_UNINITIALIZED_AUTOS = YES_AGGRESSIVE;
				GCC_WARN_UNUSED_FUNCTION = YES;
				GCC_WARN_UNUSED_VARIABLE = YES;
				IPHONEOS_DEPLOYMENT_TARGET = 12.0;
				MTL_ENABLE_DEBUG_INFO = NO;
				MTL_FAST_MATH = YES;
				SDKROOT = iphoneos;
				SWIFT_COMPILATION_MODE = wholemodule;
				SWIFT_OPTIMIZATION_LEVEL = "-O";
				VALIDATE_PRODUCT = YES;
			};
			name = Release;
		};
		45952331215CE38700DD13D7 /* Debug */ = {
			isa = XCBuildConfiguration;
			buildSettings = {
				ASSETCATALOG_COMPILER_APPICON_NAME = AppIcon;
				CODE_SIGN_STYLE = Automatic;
				INFOPLIST_FILE = Places/Info.plist;
				LD_RUNPATH_SEARCH_PATHS = (
					"$(inherited)",
					"@executable_path/Frameworks",
				);
				PRODUCT_BUNDLE_IDENTIFIER = com.deekshth.codes.Places;
				PRODUCT_NAME = "$(TARGET_NAME)";
				SWIFT_VERSION = 4.2;
				TARGETED_DEVICE_FAMILY = "1,2";
			};
			name = Debug;
		};
		45952332215CE38700DD13D7 /* Release */ = {
			isa = XCBuildConfiguration;
			buildSettings = {
				ASSETCATALOG_COMPILER_APPICON_NAME = AppIcon;
				CODE_SIGN_STYLE = Automatic;
				INFOPLIST_FILE = Places/Info.plist;
				LD_RUNPATH_SEARCH_PATHS = (
					"$(inherited)",
					"@executable_path/Frameworks",
				);
				PRODUCT_BUNDLE_IDENTIFIER = com.deekshth.codes.Places;
				PRODUCT_NAME = "$(TARGET_NAME)";
				SWIFT_VERSION = 4.2;
				TARGETED_DEVICE_FAMILY = "1,2";
			};
			name = Release;
		};
/* End XCBuildConfiguration section */

/* Begin XCConfigurationList section */
		45952319215CE38600DD13D7 /* Build configuration list for PBXProject "Places" */ = {
			isa = XCConfigurationList;
			buildConfigurations = (
				4595232E215CE38700DD13D7 /* Debug */,
				4595232F215CE38700DD13D7 /* Release */,
			);
			defaultConfigurationIsVisible = 0;
			defaultConfigurationName = Release;
		};
		45952330215CE38700DD13D7 /* Build configuration list for PBXNativeTarget "Places" */ = {
			isa = XCConfigurationList;
			buildConfigurations = (
				45952331215CE38700DD13D7 /* Debug */,
				45952332215CE38700DD13D7 /* Release */,
			);
			defaultConfigurationIsVisible = 0;
			defaultConfigurationName = Release;
		};
/* End XCConfigurationList section */
	};
	rootObject = 45952316215CE38600DD13D7 /* Project object */;
}
